
Microsoft Visual Studio Solution File, Format Version 12.00
# Visual Studio Version 17
VisualStudioVersion = 17.11.35327.3
MinimumVisualStudioVersion = 10.0.40219.1
Project("{FAE04EC0-301F-11D3-BF4B-00C04F79EFBC}") = "ParkinLot", "ParkinLot.csproj", "{3F7465D2-6F2E-4449-826B-CC1D22C88EFD}"
EndProject
Project("{FAE04EC0-301F-11D3-BF4B-00C04F79EFBC}") = "ParkinLotTest", "..\ParkinLotTest\ParkinLotTest.csproj", "{2BD8A7E7-79F9-463D-893A-E9714D313571}"
EndProject
Global
	GlobalSection(SolutionConfigurationPlatforms) = preSolution
		Debug|Any CPU = Debug|Any CPU
		Release|Any CPU = Release|Any CPU
	EndGlobalSection
	GlobalSection(ProjectConfigurationPlatforms) = postSolution
		{3F7465D2-6F2E-4449-826B-CC1D22C88EFD}.Debug|Any CPU.ActiveCfg = Debug|Any CPU
		{3F7465D2-6F2E-4449-826B-CC1D22C88EFD}.Debug|Any CPU.Build.0 = Debug|Any CPU
		{3F7465D2-6F2E-4449-826B-CC1D22C88EFD}.Release|Any CPU.ActiveCfg = Release|Any CPU
		{3F7465D2-6F2E-4449-826B-CC1D22C88EFD}.Release|Any CPU.Build.0 = Release|Any CPU
		{2BD8A7E7-79F9-463D-893A-E9714D313571}.Debug|Any CPU.ActiveCfg = Debug|Any CPU
		{2BD8A7E7-79F9-463D-893A-E9714D313571}.Debug|Any CPU.Build.0 = Debug|Any CPU
		{2BD8A7E7-79F9-463D-893A-E9714D313571}.Release|Any CPU.ActiveCfg = Release|Any CPU
		{2BD8A7E7-79F9-463D-893A-E9714D313571}.Release|Any CPU.Build.0 = Release|Any CPU
	EndGlobalSection
	GlobalSection(SolutionProperties) = preSolution
		HideSolutionNode = FALSE
	EndGlobalSection
	GlobalSection(ExtensibilityGlobals) = postSolution
		SolutionGuid = {152844F3-569C-418C-968A-437E98C0061F}
	EndGlobalSection
EndGlobal
